// !$*UTF8*$!
{
	archiveVersion = 1;
	classes = {
	};
	objectVersion = 56;
	objects = {

/* Begin PBXBuildFile section */
		062B74AA2C766C9700D86586 /* TimerWithDynamicIslandApp.swift in Sources */ = {isa = PBXBuildFile; fileRef = 062B74A92C766C9700D86586 /* TimerWithDynamicIslandApp.swift */; };
		062B74AC2C766C9700D86586 /* ContentView.swift in Sources */ = {isa = PBXBuildFile; fileRef = 062B74AB2C766C9700D86586 /* ContentView.swift */; };
		062B74AE2C766C9900D86586 /* Assets.xcassets in Resources */ = {isa = PBXBuildFile; fileRef = 062B74AD2C766C9900D86586 /* Assets.xcassets */; };
		062B74B12C766C9900D86586 /* Preview Assets.xcassets in Resources */ = {isa = PBXBuildFile; fileRef = 062B74B02C766C9900D86586 /* Preview Assets.xcassets */; };
		062B74BE2C7672F100D86586 /* WidgetKit.framework in Frameworks */ = {isa = PBXBuildFile; fileRef = 062B74BD2C7672F100D86586 /* WidgetKit.framework */; };
		062B74C02C7672F100D86586 /* SwiftUI.framework in Frameworks */ = {isa = PBXBuildFile; fileRef = 062B74BF2C7672F100D86586 /* SwiftUI.framework */; };
		062B74C32C7672F100D86586 /* TimerWidgetBundle.swift in Sources */ = {isa = PBXBuildFile; fileRef = 062B74C22C7672F100D86586 /* TimerWidgetBundle.swift */; };
		062B74C52C7672F100D86586 /* TimerWidgetLiveActivity.swift in Sources */ = {isa = PBXBuildFile; fileRef = 062B74C42C7672F100D86586 /* TimerWidgetLiveActivity.swift */; };
		062B74C92C7672F300D86586 /* Assets.xcassets in Resources */ = {isa = PBXBuildFile; fileRef = 062B74C82C7672F300D86586 /* Assets.xcassets */; };
		062B74CD2C7672F300D86586 /* TimerWidgetExtension.appex in Embed Foundation Extensions */ = {isa = PBXBuildFile; fileRef = 062B74BB2C7672F100D86586 /* TimerWidgetExtension.appex */; settings = {ATTRIBUTES = (RemoveHeadersOnCopy, ); }; };
		062B74D32C76820900D86586 /* TimerWidgetAttributes.swift in Sources */ = {isa = PBXBuildFile; fileRef = 062B74D22C76820900D86586 /* TimerWidgetAttributes.swift */; };
		062B74D42C76823900D86586 /* TimerWidgetAttributes.swift in Sources */ = {isa = PBXBuildFile; fileRef = 062B74D22C76820900D86586 /* TimerWidgetAttributes.swift */; };
/* End PBXBuildFile section */

/* Begin PBXContainerItemProxy section */
		062B74CB2C7672F300D86586 /* PBXContainerItemProxy */ = {
			isa = PBXContainerItemProxy;
			containerPortal = 062B749E2C766C9700D86586 /* Project object */;
			proxyType = 1;
			remoteGlobalIDString = 062B74BA2C7672F100D86586;
			remoteInfo = TimerWidgetExtension;
		};
/* End PBXContainerItemProxy section */

/* Begin PBXCopyFilesBuildPhase section */
		062B74D12C7672F300D86586 /* Embed Foundation Extensions */ = {
			isa = PBXCopyFilesBuildPhase;
			buildActionMask = 2147483647;
			dstPath = "";
			dstSubfolderSpec = 13;
			files = (
				062B74CD2C7672F300D86586 /* TimerWidgetExtension.appex in Embed Foundation Extensions */,
			);
			name = "Embed Foundation Extensions";
			runOnlyForDeploymentPostprocessing = 0;
		};
/* End PBXCopyFilesBuildPhase section */

/* Begin PBXFileReference section */
		062B74A62C766C9700D86586 /* TimerWithDynamicIsland.app */ = {isa = PBXFileReference; explicitFileType = wrapper.application; includeInIndex = 0; path = TimerWithDynamicIsland.app; sourceTree = BUILT_PRODUCTS_DIR; };
		062B74A92C766C9700D86586 /* TimerWithDynamicIslandApp.swift */ = {isa = PBXFileReference; lastKnownFileType = sourcecode.swift; path = TimerWithDynamicIslandApp.swift; sourceTree = "<group>"; };
		062B74AB2C766C9700D86586 /* ContentView.swift */ = {isa = PBXFileReference; lastKnownFileType = sourcecode.swift; path = ContentView.swift; sourceTree = "<group>"; };
		062B74AD2C766C9900D86586 /* Assets.xcassets */ = {isa = PBXFileReference; lastKnownFileType = folder.assetcatalog; path = Assets.xcassets; sourceTree = "<group>"; };
		062B74B02C766C9900D86586 /* Preview Assets.xcassets */ = {isa = PBXFileReference; lastKnownFileType = folder.assetcatalog; path = "Preview Assets.xcassets"; sourceTree = "<group>"; };
		062B74BB2C7672F100D86586 /* TimerWidgetExtension.appex */ = {isa = PBXFileReference; explicitFileType = "wrapper.app-extension"; includeInIndex = 0; path = TimerWidgetExtension.appex; sourceTree = BUILT_PRODUCTS_DIR; };
		062B74BD2C7672F100D86586 /* WidgetKit.framework */ = {isa = PBXFileReference; lastKnownFileType = wrapper.framework; name = WidgetKit.framework; path = System/Library/Frameworks/WidgetKit.framework; sourceTree = SDKROOT; };
		062B74BF2C7672F100D86586 /* SwiftUI.framework */ = {isa = PBXFileReference; lastKnownFileType = wrapper.framework; name = SwiftUI.framework; path = System/Library/Frameworks/SwiftUI.framework; sourceTree = SDKROOT; };
		062B74C22C7672F100D86586 /* TimerWidgetBundle.swift */ = {isa = PBXFileReference; lastKnownFileType = sourcecode.swift; path = TimerWidgetBundle.swift; sourceTree = "<group>"; };
		062B74C42C7672F100D86586 /* TimerWidgetLiveActivity.swift */ = {isa = PBXFileReference; lastKnownFileType = sourcecode.swift; path = TimerWidgetLiveActivity.swift; sourceTree = "<group>"; };
		062B74C82C7672F300D86586 /* Assets.xcassets */ = {isa = PBXFileReference; lastKnownFileType = folder.assetcatalog; path = Assets.xcassets; sourceTree = "<group>"; };
		062B74CA2C7672F300D86586 /* Info.plist */ = {isa = PBXFileReference; lastKnownFileType = text.plist.xml; path = Info.plist; sourceTree = "<group>"; };
		062B74D22C76820900D86586 /* TimerWidgetAttributes.swift */ = {isa = PBXFileReference; lastKnownFileType = sourcecode.swift; path = TimerWidgetAttributes.swift; sourceTree = "<group>"; };
/* End PBXFileReference section */

/* Begin PBXFrameworksBuildPhase section */
		062B74A32C766C9700D86586 /* Frameworks */ = {
			isa = PBXFrameworksBuildPhase;
			buildActionMask = 2147483647;
			files = (
			);
			runOnlyForDeploymentPostprocessing = 0;
		};
		062B74B82C7672F100D86586 /* Frameworks */ = {
			isa = PBXFrameworksBuildPhase;
			buildActionMask = 2147483647;
			files = (
				062B74C02C7672F100D86586 /* SwiftUI.framework in Frameworks */,
				062B74BE2C7672F100D86586 /* WidgetKit.framework in Frameworks */,
			);
			runOnlyForDeploymentPostprocessing = 0;
		};
/* End PBXFrameworksBuildPhase section */

/* Begin PBXGroup section */
		062B749D2C766C9700D86586 = {
			isa = PBXGroup;
			children = (
				062B74A82C766C9700D86586 /* TimerWithDynamicIsland */,
				062B74C12C7672F100D86586 /* TimerWidget */,
				062B74BC2C7672F100D86586 /* Frameworks */,
				062B74A72C766C9700D86586 /* Products */,
			);
			sourceTree = "<group>";
		};
		062B74A72C766C9700D86586 /* Products */ = {
			isa = PBXGroup;
			children = (
				062B74A62C766C9700D86586 /* TimerWithDynamicIsland.app */,
				062B74BB2C7672F100D86586 /* TimerWidgetExtension.appex */,
			);
			name = Products;
			sourceTree = "<group>";
		};
		062B74A82C766C9700D86586 /* TimerWithDynamicIsland */ = {
			isa = PBXGroup;
			children = (
				062B74A92C766C9700D86586 /* TimerWithDynamicIslandApp.swift */,
				062B74AB2C766C9700D86586 /* ContentView.swift */,
				062B74AD2C766C9900D86586 /* Assets.xcassets */,
				062B74AF2C766C9900D86586 /* Preview Content */,
			);
			path = TimerWithDynamicIsland;
			sourceTree = "<group>";
		};
		062B74AF2C766C9900D86586 /* Preview Content */ = {
			isa = PBXGroup;
			children = (
				062B74B02C766C9900D86586 /* Preview Assets.xcassets */,
			);
			path = "Preview Content";
			sourceTree = "<group>";
		};
		062B74BC2C7672F100D86586 /* Frameworks */ = {
			isa = PBXGroup;
			children = (
				062B74BD2C7672F100D86586 /* WidgetKit.framework */,
				062B74BF2C7672F100D86586 /* SwiftUI.framework */,
			);
			name = Frameworks;
			sourceTree = "<group>";
		};
		062B74C12C7672F100D86586 /* TimerWidget */ = {
			isa = PBXGroup;
			children = (
				062B74D22C76820900D86586 /* TimerWidgetAttributes.swift */,
				062B74C22C7672F100D86586 /* TimerWidgetBundle.swift */,
				062B74C42C7672F100D86586 /* TimerWidgetLiveActivity.swift */,
				062B74C82C7672F300D86586 /* Assets.xcassets */,
				062B74CA2C7672F300D86586 /* Info.plist */,
			);
			path = TimerWidget;
			sourceTree = "<group>";
		};
/* End PBXGroup section */

/* Begin PBXNativeTarget section */
		062B74A52C766C9700D86586 /* TimerWithDynamicIsland */ = {
			isa = PBXNativeTarget;
			buildConfigurationList = 062B74B42C766C9900D86586 /* Build configuration list for PBXNativeTarget "TimerWithDynamicIsland" */;
			buildPhases = (
				062B74A22C766C9700D86586 /* Sources */,
				062B74A32C766C9700D86586 /* Frameworks */,
				062B74A42C766C9700D86586 /* Resources */,
				062B74D12C7672F300D86586 /* Embed Foundation Extensions */,
			);
			buildRules = (
			);
			dependencies = (
				062B74CC2C7672F300D86586 /* PBXTargetDependency */,
			);
			name = TimerWithDynamicIsland;
			productName = TimerWithDynamicIsland;
			productReference = 062B74A62C766C9700D86586 /* TimerWithDynamicIsland.app */;
			productType = "com.apple.product-type.application";
		};
		062B74BA2C7672F100D86586 /* TimerWidgetExtension */ = {
			isa = PBXNativeTarget;
			buildConfigurationList = 062B74CE2C7672F300D86586 /* Build configuration list for PBXNativeTarget "TimerWidgetExtension" */;
			buildPhases = (
				062B74B72C7672F100D86586 /* Sources */,
				062B74B82C7672F100D86586 /* Frameworks */,
				062B74B92C7672F100D86586 /* Resources */,
			);
			buildRules = (
			);
			dependencies = (
			);
			name = TimerWidgetExtension;
			productName = TimerWidgetExtension;
			productReference = 062B74BB2C7672F100D86586 /* TimerWidgetExtension.appex */;
			productType = "com.apple.product-type.app-extension";
		};
/* End PBXNativeTarget section */

/* Begin PBXProject section */
		062B749E2C766C9700D86586 /* Project object */ = {
			isa = PBXProject;
			attributes = {
				BuildIndependentTargetsInParallel = 1;
				LastSwiftUpdateCheck = 1520;
				LastUpgradeCheck = 1520;
				TargetAttributes = {
					062B74A52C766C9700D86586 = {
						CreatedOnToolsVersion = 15.2;
					};
					062B74BA2C7672F100D86586 = {
						CreatedOnToolsVersion = 15.2;
					};
				};
			};
			buildConfigurationList = 062B74A12C766C9700D86586 /* Build configuration list for PBXProject "TimerWithDynamicIsland" */;
			compatibilityVersion = "Xcode 14.0";
			developmentRegion = en;
			hasScannedForEncodings = 0;
			knownRegions = (
				en,
				Base,
			);
			mainGroup = 062B749D2C766C9700D86586;
			productRefGroup = 062B74A72C766C9700D86586 /* Products */;
			projectDirPath = "";
			projectRoot = "";
			targets = (
				062B74A52C766C9700D86586 /* TimerWithDynamicIsland */,
				062B74BA2C7672F100D86586 /* TimerWidgetExtension */,
			);
		};
/* End PBXProject section */

/* Begin PBXResourcesBuildPhase section */
		062B74A42C766C9700D86586 /* Resources */ = {
			isa = PBXResourcesBuildPhase;
			buildActionMask = 2147483647;
			files = (
				062B74B12C766C9900D86586 /* Preview Assets.xcassets in Resources */,
				062B74AE2C766C9900D86586 /* Assets.xcassets in Resources */,
			);
			runOnlyForDeploymentPostprocessing = 0;
		};
		062B74B92C7672F100D86586 /* Resources */ = {
			isa = PBXResourcesBuildPhase;
			buildActionMask = 2147483647;
			files = (
				062B74C92C7672F300D86586 /* Assets.xcassets in Resources */,
			);
			runOnlyForDeploymentPostprocessing = 0;
		};
/* End PBXResourcesBuildPhase section */

/* Begin PBXSourcesBuildPhase section */
		062B74A22C766C9700D86586 /* Sources */ = {
			isa = PBXSourcesBuildPhase;
			buildActionMask = 2147483647;
			files = (
				062B74AC2C766C9700D86586 /* ContentView.swift in Sources */,
				062B74AA2C766C9700D86586 /* TimerWithDynamicIslandApp.swift in Sources */,
				062B74D32C76820900D86586 /* TimerWidgetAttributes.swift in Sources */,
			);
			runOnlyForDeploymentPostprocessing = 0;
		};
		062B74B72C7672F100D86586 /* Sources */ = {
			isa = PBXSourcesBuildPhase;
			buildActionMask = 2147483647;
			files = (
				062B74C52C7672F100D86586 /* TimerWidgetLiveActivity.swift in Sources */,
				062B74C32C7672F100D86586 /* TimerWidgetBundle.swift in Sources */,
				062B74D42C76823900D86586 /* TimerWidgetAttributes.swift in Sources */,
			);
			runOnlyForDeploymentPostprocessing = 0;
		};
/* End PBXSourcesBuildPhase section */

/* Begin PBXTargetDependency section */
		062B74CC2C7672F300D86586 /* PBXTargetDependency */ = {
			isa = PBXTargetDependency;
			target = 062B74BA2C7672F100D86586 /* TimerWidgetExtension */;
			targetProxy = 062B74CB2C7672F300D86586 /* PBXContainerItemProxy */;
		};
/* End PBXTargetDependency section */

/* Begin XCBuildConfiguration section */
		062B74B22C766C9900D86586 /* Debug */ = {
			isa = XCBuildConfiguration;
			buildSettings = {
				ALWAYS_SEARCH_USER_PATHS = NO;
				ASSETCATALOG_COMPILER_GENERATE_SWIFT_ASSET_SYMBOL_EXTENSIONS = YES;
				CLANG_ANALYZER_NONNULL = YES;
				CLANG_ANALYZER_NUMBER_OBJECT_CONVERSION = YES_AGGRESSIVE;
				CLANG_CXX_LANGUAGE_STANDARD = "gnu++20";
				CLANG_ENABLE_MODULES = YES;
				CLANG_ENABLE_OBJC_ARC = YES;
				CLANG_ENABLE_OBJC_WEAK = YES;
				CLANG_WARN_BLOCK_CAPTURE_AUTORELEASING = YES;
				CLANG_WARN_BOOL_CONVERSION = YES;
				CLANG_WARN_COMMA = YES;
				CLANG_WARN_CONSTANT_CONVERSION = YES;
				CLANG_WARN_DEPRECATED_OBJC_IMPLEMENTATIONS = YES;
				CLANG_WARN_DIRECT_OBJC_ISA_USAGE = YES_ERROR;
				CLANG_WARN_DOCUMENTATION_COMMENTS = YES;
				CLANG_WARN_EMPTY_BODY = YES;
				CLANG_WARN_ENUM_CONVERSION = YES;
				CLANG_WARN_INFINITE_RECURSION = YES;
				CLANG_WARN_INT_CONVERSION = YES;
				CLANG_WARN_NON_LITERAL_NULL_CONVERSION = YES;
				CLANG_WARN_OBJC_IMPLICIT_RETAIN_SELF = YES;
				CLANG_WARN_OBJC_LITERAL_CONVERSION = YES;
				CLANG_WARN_OBJC_ROOT_CLASS = YES_ERROR;
				CLANG_WARN_QUOTED_INCLUDE_IN_FRAMEWORK_HEADER = YES;
				CLANG_WARN_RANGE_LOOP_ANALYSIS = YES;
				CLANG_WARN_STRICT_PROTOTYPES = YES;
				CLANG_WARN_SUSPICIOUS_MOVE = YES;
				CLANG_WARN_UNGUARDED_AVAILABILITY = YES_AGGRESSIVE;
				CLANG_WARN_UNREACHABLE_CODE = YES;
				CLANG_WARN__DUPLICATE_METHOD_MATCH = YES;
				COPY_PHASE_STRIP = NO;
				DEBUG_INFORMATION_FORMAT = dwarf;
				ENABLE_STRICT_OBJC_MSGSEND = YES;
				ENABLE_TESTABILITY = YES;
				ENABLE_USER_SCRIPT_SANDBOXING = YES;
				GCC_C_LANGUAGE_STANDARD = gnu17;
				GCC_DYNAMIC_NO_PIC = NO;
				GCC_NO_COMMON_BLOCKS = YES;
				GCC_OPTIMIZATION_LEVEL = 0;
				GCC_PREPROCESSOR_DEFINITIONS = (
					"DEBUG=1",
					"$(inherited)",
				);
				GCC_WARN_64_TO_32_BIT_CONVERSION = YES;
				GCC_WARN_ABOUT_RETURN_TYPE = YES_ERROR;
				GCC_WARN_UNDECLARED_SELECTOR = YES;
				GCC_WARN_UNINITIALIZED_AUTOS = YES_AGGRESSIVE;
				GCC_WARN_UNUSED_FUNCTION = YES;
				GCC_WARN_UNUSED_VARIABLE = YES;
				IPHONEOS_DEPLOYMENT_TARGET = 17.2;
				LOCALIZATION_PREFERS_STRING_CATALOGS = YES;
				MTL_ENABLE_DEBUG_INFO = INCLUDE_SOURCE;
				MTL_FAST_MATH = YES;
				ONLY_ACTIVE_ARCH = YES;
				SDKROOT = iphoneos;
				SWIFT_ACTIVE_COMPILATION_CONDITIONS = "DEBUG $(inherited)";
				SWIFT_OPTIMIZATION_LEVEL = "-Onone";
			};
			name = Debug;
		};
		062B74B32C766C9900D86586 /* Release */ = {
			isa = XCBuildConfiguration;
			buildSettings = {
				ALWAYS_SEARCH_USER_PATHS = NO;
				ASSETCATALOG_COMPILER_GENERATE_SWIFT_ASSET_SYMBOL_EXTENSIONS = YES;
				CLANG_ANALYZER_NONNULL = YES;
				CLANG_ANALYZER_NUMBER_OBJECT_CONVERSION = YES_AGGRESSIVE;
				CLANG_CXX_LANGUAGE_STANDARD = "gnu++20";
				CLANG_ENABLE_MODULES = YES;
				CLANG_ENABLE_OBJC_ARC = YES;
				CLANG_ENABLE_OBJC_WEAK = YES;
				CLANG_WARN_BLOCK_CAPTURE_AUTORELEASING = YES;
				CLANG_WARN_BOOL_CONVERSION = YES;
				CLANG_WARN_COMMA = YES;
				CLANG_WARN_CONSTANT_CONVERSION = YES;
				CLANG_WARN_DEPRECATED_OBJC_IMPLEMENTATIONS = YES;
				CLANG_WARN_DIRECT_OBJC_ISA_USAGE = YES_ERROR;
				CLANG_WARN_DOCUMENTATION_COMMENTS = YES;
				CLANG_WARN_EMPTY_BODY = YES;
				CLANG_WARN_ENUM_CONVERSION = YES;
				CLANG_WARN_INFINITE_RECURSION = YES;
				CLANG_WARN_INT_CONVERSION = YES;
				CLANG_WARN_NON_LITERAL_NULL_CONVERSION = YES;
				CLANG_WARN_OBJC_IMPLICIT_RETAIN_SELF = YES;
				CLANG_WARN_OBJC_LITERAL_CONVERSION = YES;
				CLANG_WARN_OBJC_ROOT_CLASS = YES_ERROR;
				CLANG_WARN_QUOTED_INCLUDE_IN_FRAMEWORK_HEADER = YES;
				CLANG_WARN_RANGE_LOOP_ANALYSIS = YES;
				CLANG_WARN_STRICT_PROTOTYPES = YES;
				CLANG_WARN_SUSPICIOUS_MOVE = YES;
				CLANG_WARN_UNGUARDED_AVAILABILITY = YES_AGGRESSIVE;
				CLANG_WARN_UNREACHABLE_CODE = YES;
				CLANG_WARN__DUPLICATE_METHOD_MATCH = YES;
				COPY_PHASE_STRIP = NO;
				DEBUG_INFORMATION_FORMAT = "dwarf-with-dsym";
				ENABLE_NS_ASSERTIONS = NO;
				ENABLE_STRICT_OBJC_MSGSEND = YES;
				ENABLE_USER_SCRIPT_SANDBOXING = YES;
				GCC_C_LANGUAGE_STANDARD = gnu17;
				GCC_NO_COMMON_BLOCKS = YES;
				GCC_WARN_64_TO_32_BIT_CONVERSION = YES;
				GCC_WARN_ABOUT_RETURN_TYPE = YES_ERROR;
				GCC_WARN_UNDECLARED_SELECTOR = YES;
				GCC_WARN_UNINITIALIZED_AUTOS = YES_AGGRESSIVE;
				GCC_WARN_UNUSED_FUNCTION = YES;
				GCC_WARN_UNUSED_VARIABLE = YES;
				IPHONEOS_DEPLOYMENT_TARGET = 17.2;
				LOCALIZATION_PREFERS_STRING_CATALOGS = YES;
				MTL_ENABLE_DEBUG_INFO = NO;
				MTL_FAST_MATH = YES;
				SDKROOT = iphoneos;
				SWIFT_COMPILATION_MODE = wholemodule;
				VALIDATE_PRODUCT = YES;
			};
			name = Release;
		};
		062B74B52C766C9900D86586 /* Debug */ = {
			isa = XCBuildConfiguration;
			buildSettings = {
				ALWAYS_EMBED_SWIFT_STANDARD_LIBRARIES = YES;
				ASSETCATALOG_COMPILER_APPICON_NAME = AppIcon;
				ASSETCATALOG_COMPILER_GLOBAL_ACCENT_COLOR_NAME = AccentColor;
				CODE_SIGN_STYLE = Automatic;
				CURRENT_PROJECT_VERSION = 1;
				DEVELOPMENT_ASSET_PATHS = "\"TimerWithDynamicIsland/Preview Content\"";
				DEVELOPMENT_TEAM = DRY6C57YN8;
				ENABLE_PREVIEWS = YES;
				GENERATE_INFOPLIST_FILE = YES;
				INFOPLIST_KEY_NSSupportsLiveActivities = YES;
				INFOPLIST_KEY_UIApplicationSceneManifest_Generation = YES;
				INFOPLIST_KEY_UIApplicationSupportsIndirectInputEvents = YES;
				INFOPLIST_KEY_UILaunchScreen_Generation = YES;
				INFOPLIST_KEY_UISupportedInterfaceOrientations_iPad = "UIInterfaceOrientationPortrait UIInterfaceOrientationPortraitUpsideDown UIInterfaceOrientationLandscapeLeft UIInterfaceOrientationLandscapeRight";
				INFOPLIST_KEY_UISupportedInterfaceOrientations_iPhone = "UIInterfaceOrientationPortrait UIInterfaceOrientationLandscapeLeft UIInterfaceOrientationLandscapeRight";
				LD_RUNPATH_SEARCH_PATHS = (
					"$(inherited)",
					"@executable_path/Frameworks",
				);
				MARKETING_VERSION = 1.0;
				PRODUCT_BUNDLE_IDENTIFIER = com.deelightfullabs.TimerWithDynamicIsland;
				PRODUCT_NAME = "$(TARGET_NAME)";
				SWIFT_EMIT_LOC_STRINGS = YES;
				SWIFT_VERSION = 5.0;
				TARGETED_DEVICE_FAMILY = "1,2";
			};
			name = Debug;
		};
		062B74B62C766C9900D86586 /* Release */ = {
			isa = XCBuildConfiguration;
			buildSettings = {
				ALWAYS_EMBED_SWIFT_STANDARD_LIBRARIES = YES;
				ASSETCATALOG_COMPILER_APPICON_NAME = AppIcon;
				ASSETCATALOG_COMPILER_GLOBAL_ACCENT_COLOR_NAME = AccentColor;
				CODE_SIGN_STYLE = Automatic;
				CURRENT_PROJECT_VERSION = 1;
				DEVELOPMENT_ASSET_PATHS = "\"TimerWithDynamicIsland/Preview Content\"";
				DEVELOPMENT_TEAM = DRY6C57YN8;
				ENABLE_PREVIEWS = YES;
				GENERATE_INFOPLIST_FILE = YES;
				INFOPLIST_KEY_NSSupportsLiveActivities = YES;
				INFOPLIST_KEY_UIApplicationSceneManifest_Generation = YES;
				INFOPLIST_KEY_UIApplicationSupportsIndirectInputEvents = YES;
				INFOPLIST_KEY_UILaunchScreen_Generation = YES;
				INFOPLIST_KEY_UISupportedInterfaceOrientations_iPad = "UIInterfaceOrientationPortrait UIInterfaceOrientationPortraitUpsideDown UIInterfaceOrientationLandscapeLeft UIInterfaceOrientationLandscapeRight";
				INFOPLIST_KEY_UISupportedInterfaceOrientations_iPhone = "UIInterfaceOrientationPortrait UIInterfaceOrientationLandscapeLeft UIInterfaceOrientationLandscapeRight";
				LD_RUNPATH_SEARCH_PATHS = (
					"$(inherited)",
					"@executable_path/Frameworks",
				);
				MARKETING_VERSION = 1.0;
				PRODUCT_BUNDLE_IDENTIFIER = com.deelightfullabs.TimerWithDynamicIsland;
				PRODUCT_NAME = "$(TARGET_NAME)";
				SWIFT_EMIT_LOC_STRINGS = YES;
				SWIFT_VERSION = 5.0;
				TARGETED_DEVICE_FAMILY = "1,2";
			};
			name = Release;
		};
		062B74CF2C7672F300D86586 /* Debug */ = {
			isa = XCBuildConfiguration;
			buildSettings = {
				ASSETCATALOG_COMPILER_GLOBAL_ACCENT_COLOR_NAME = AccentColor;
				ASSETCATALOG_COMPILER_WIDGET_BACKGROUND_COLOR_NAME = WidgetBackground;
				CODE_SIGN_STYLE = Automatic;
				CURRENT_PROJECT_VERSION = 1;
				DEVELOPMENT_TEAM = DRY6C57YN8;
				GENERATE_INFOPLIST_FILE = YES;
				INFOPLIST_FILE = TimerWidget/Info.plist;
				INFOPLIST_KEY_CFBundleDisplayName = TimerWidget;
				INFOPLIST_KEY_NSHumanReadableCopyright = "";
				LD_RUNPATH_SEARCH_PATHS = (
					"$(inherited)",
					"@executable_path/Frameworks",
					"@executable_path/../../Frameworks",
				);
				MARKETING_VERSION = 1.0;
				PRODUCT_BUNDLE_IDENTIFIER = com.deelightfullabs.TimerWithDynamicIsland.TimerWidget;
				PRODUCT_NAME = "$(TARGET_NAME)";
				SKIP_INSTALL = YES;
				SWIFT_EMIT_LOC_STRINGS = YES;
				SWIFT_VERSION = 5.0;
				TARGETED_DEVICE_FAMILY = "1,2";
			};
			name = Debug;
		};
		062B74D02C7672F300D86586 /* Release */ = {
			isa = XCBuildConfiguration;
			buildSettings = {
				ASSETCATALOG_COMPILER_GLOBAL_ACCENT_COLOR_NAME = AccentColor;
				ASSETCATALOG_COMPILER_WIDGET_BACKGROUND_COLOR_NAME = WidgetBackground;
				CODE_SIGN_STYLE = Automatic;
				CURRENT_PROJECT_VERSION = 1;
				DEVELOPMENT_TEAM = DRY6C57YN8;
				GENERATE_INFOPLIST_FILE = YES;
				INFOPLIST_FILE = TimerWidget/Info.plist;
				INFOPLIST_KEY_CFBundleDisplayName = TimerWidget;
				INFOPLIST_KEY_NSHumanReadableCopyright = "";
				LD_RUNPATH_SEARCH_PATHS = (
					"$(inherited)",
					"@executable_path/Frameworks",
					"@executable_path/../../Frameworks",
				);
				MARKETING_VERSION = 1.0;
				PRODUCT_BUNDLE_IDENTIFIER = com.deelightfullabs.TimerWithDynamicIsland.TimerWidget;
				PRODUCT_NAME = "$(TARGET_NAME)";
				SKIP_INSTALL = YES;
				SWIFT_EMIT_LOC_STRINGS = YES;
				SWIFT_VERSION = 5.0;
				TARGETED_DEVICE_FAMILY = "1,2";
			};
			name = Release;
		};
/* End XCBuildConfiguration section */

/* Begin XCConfigurationList section */
		062B74A12C766C9700D86586 /* Build configuration list for PBXProject "TimerWithDynamicIsland" */ = {
			isa = XCConfigurationList;
			buildConfigurations = (
				062B74B22C766C9900D86586 /* Debug */,
				062B74B32C766C9900D86586 /* Release */,
			);
			defaultConfigurationIsVisible = 0;
			defaultConfigurationName = Release;
		};
		062B74B42C766C9900D86586 /* Build configuration list for PBXNativeTarget "TimerWithDynamicIsland" */ = {
			isa = XCConfigurationList;
			buildConfigurations = (
				062B74B52C766C9900D86586 /* Debug */,
				062B74B62C766C9900D86586 /* Release */,
			);
			defaultConfigurationIsVisible = 0;
			defaultConfigurationName = Release;
		};
		062B74CE2C7672F300D86586 /* Build configuration list for PBXNativeTarget "TimerWidgetExtension" */ = {
			isa = XCConfigurationList;
			buildConfigurations = (
				062B74CF2C7672F300D86586 /* Debug */,
				062B74D02C7672F300D86586 /* Release */,
			);
			defaultConfigurationIsVisible = 0;
			defaultConfigurationName = Release;
		};
/* End XCConfigurationList section */
	};
	rootObject = 062B749E2C766C9700D86586 /* Project object */;
}
